// !$*UTF8*$!
{
	archiveVersion = 1;
	classes = {
	};
	objectVersion = 50;
	objects = {

/* Begin PBXBuildFile section */
		411C9AAA4729940EC3062DF0 /* Pods_SQSSwift.framework in Frameworks */ = {isa = PBXBuildFile; fileRef = 30EE9CBB32BDDA76DA011B87 /* Pods_SQSSwift.framework */; };
		F0A1E25E21E9CA3600A632BE /* awsconfiguration.json in Resources */ = {isa = PBXBuildFile; fileRef = F0A1E25D21E9CA3600A632BE /* awsconfiguration.json */; };
		F0ABD5A8210A57BF0070C8A1 /* AppDelegate.swift in Sources */ = {isa = PBXBuildFile; fileRef = F0ABD5A7210A57BF0070C8A1 /* AppDelegate.swift */; };
		F0ABD5AA210A57BF0070C8A1 /* ViewController.swift in Sources */ = {isa = PBXBuildFile; fileRef = F0ABD5A9210A57BF0070C8A1 /* ViewController.swift */; };
		F0ABD5AD210A57BF0070C8A1 /* Main.storyboard in Resources */ = {isa = PBXBuildFile; fileRef = F0ABD5AB210A57BF0070C8A1 /* Main.storyboard */; };
		F0ABD5AF210A57C10070C8A1 /* Assets.xcassets in Resources */ = {isa = PBXBuildFile; fileRef = F0ABD5AE210A57C10070C8A1 /* Assets.xcassets */; };
		F0ABD5B2210A57C10070C8A1 /* LaunchScreen.storyboard in Resources */ = {isa = PBXBuildFile; fileRef = F0ABD5B0210A57C10070C8A1 /* LaunchScreen.storyboard */; };
		F0F42FE6210AEFBC001A0CB2 /* SQS.swift in Sources */ = {isa = PBXBuildFile; fileRef = F0F42FE5210AEFBC001A0CB2 /* SQS.swift */; };
/* End PBXBuildFile section */

/* Begin PBXFileReference section */
		189E38B7A152B02AC545470B /* Pods-SQSSwift.debug.xcconfig */ = {isa = PBXFileReference; includeInIndex = 1; lastKnownFileType = text.xcconfig; name = "Pods-SQSSwift.debug.xcconfig"; path = "Pods/Target Support Files/Pods-SQSSwift/Pods-SQSSwift.debug.xcconfig"; sourceTree = "<group>"; };
		30EE9CBB32BDDA76DA011B87 /* Pods_SQSSwift.framework */ = {isa = PBXFileReference; explicitFileType = wrapper.framework; includeInIndex = 0; path = Pods_SQSSwift.framework; sourceTree = BUILT_PRODUCTS_DIR; };
		39F9BF2BADDFA908765AD8D9 /* Pods-SQSSwift.release.xcconfig */ = {isa = PBXFileReference; includeInIndex = 1; lastKnownFileType = text.xcconfig; name = "Pods-SQSSwift.release.xcconfig"; path = "Pods/Target Support Files/Pods-SQSSwift/Pods-SQSSwift.release.xcconfig"; sourceTree = "<group>"; };
		F0A1E25D21E9CA3600A632BE /* awsconfiguration.json */ = {isa = PBXFileReference; fileEncoding = 4; lastKnownFileType = text.json; path = awsconfiguration.json; sourceTree = "<group>"; };
		F0ABD5A4210A57BF0070C8A1 /* SQSSwift.app */ = {isa = PBXFileReference; explicitFileType = wrapper.application; includeInIndex = 0; path = SQSSwift.app; sourceTree = BUILT_PRODUCTS_DIR; };
		F0ABD5A7210A57BF0070C8A1 /* AppDelegate.swift */ = {isa = PBXFileReference; lastKnownFileType = sourcecode.swift; path = AppDelegate.swift; sourceTree = "<group>"; };
		F0ABD5A9210A57BF0070C8A1 /* ViewController.swift */ = {isa = PBXFileReference; lastKnownFileType = sourcecode.swift; path = ViewController.swift; sourceTree = "<group>"; };
		F0ABD5AC210A57BF0070C8A1 /* Base */ = {isa = PBXFileReference; lastKnownFileType = file.storyboard; name = Base; path = Base.lproj/Main.storyboard; sourceTree = "<group>"; };
		F0ABD5AE210A57C10070C8A1 /* Assets.xcassets */ = {isa = PBXFileReference; lastKnownFileType = folder.assetcatalog; path = Assets.xcassets; sourceTree = "<group>"; };
		F0ABD5B1210A57C10070C8A1 /* Base */ = {isa = PBXFileReference; lastKnownFileType = file.storyboard; name = Base; path = Base.lproj/LaunchScreen.storyboard; sourceTree = "<group>"; };
		F0ABD5B3210A57C10070C8A1 /* Info.plist */ = {isa = PBXFileReference; lastKnownFileType = text.plist.xml; path = Info.plist; sourceTree = "<group>"; };
		F0F42FE4210AEBFB001A0CB2 /* SQSSwift.entitlements */ = {isa = PBXFileReference; lastKnownFileType = text.plist.entitlements; path = SQSSwift.entitlements; sourceTree = "<group>"; };
		F0F42FE5210AEFBC001A0CB2 /* SQS.swift */ = {isa = PBXFileReference; lastKnownFileType = sourcecode.swift; path = SQS.swift; sourceTree = "<group>"; };
/* End PBXFileReference section */

/* Begin PBXFrameworksBuildPhase section */
		F0ABD5A1210A57BF0070C8A1 /* Frameworks */ = {
			isa = PBXFrameworksBuildPhase;
			buildActionMask = 2147483647;
			files = (
				411C9AAA4729940EC3062DF0 /* Pods_SQSSwift.framework in Frameworks */,
			);
			runOnlyForDeploymentPostprocessing = 0;
		};
/* End PBXFrameworksBuildPhase section */

/* Begin PBXGroup section */
		27591912D5B26A74F9AACB95 /* Frameworks */ = {
			isa = PBXGroup;
			children = (
				30EE9CBB32BDDA76DA011B87 /* Pods_SQSSwift.framework */,
			);
			name = Frameworks;
			sourceTree = "<group>";
		};
		74C1D9AB375783219824A857 /* Pods */ = {
			isa = PBXGroup;
			children = (
				189E38B7A152B02AC545470B /* Pods-SQSSwift.debug.xcconfig */,
				39F9BF2BADDFA908765AD8D9 /* Pods-SQSSwift.release.xcconfig */,
			);
			name = Pods;
			sourceTree = "<group>";
		};
		F0ABD59B210A57BF0070C8A1 = {
			isa = PBXGroup;
			children = (
				F0A1E25D21E9CA3600A632BE /* awsconfiguration.json */,
				F0ABD5A6210A57BF0070C8A1 /* SQSSwift */,
				F0ABD5A5210A57BF0070C8A1 /* Products */,
				74C1D9AB375783219824A857 /* Pods */,
				27591912D5B26A74F9AACB95 /* Frameworks */,
			);
			sourceTree = "<group>";
		};
		F0ABD5A5210A57BF0070C8A1 /* Products */ = {
			isa = PBXGroup;
			children = (
				F0ABD5A4210A57BF0070C8A1 /* SQSSwift.app */,
			);
			name = Products;
			sourceTree = "<group>";
		};
		F0ABD5A6210A57BF0070C8A1 /* SQSSwift */ = {
			isa = PBXGroup;
			children = (
				F0F42FE4210AEBFB001A0CB2 /* SQSSwift.entitlements */,
				F0ABD5A7210A57BF0070C8A1 /* AppDelegate.swift */,
				F0ABD5A9210A57BF0070C8A1 /* ViewController.swift */,
				F0ABD5AB210A57BF0070C8A1 /* Main.storyboard */,
				F0ABD5AE210A57C10070C8A1 /* Assets.xcassets */,
				F0ABD5B0210A57C10070C8A1 /* LaunchScreen.storyboard */,
				F0ABD5B3210A57C10070C8A1 /* Info.plist */,
				F0F42FE5210AEFBC001A0CB2 /* SQS.swift */,
			);
			path = SQSSwift;
			sourceTree = "<group>";
		};
/* End PBXGroup section */

/* Begin PBXNativeTarget section */
		F0ABD5A3210A57BF0070C8A1 /* SQSSwift */ = {
			isa = PBXNativeTarget;
			buildConfigurationList = F0ABD5B6210A57C10070C8A1 /* Build configuration list for PBXNativeTarget "SQSSwift" */;
			buildPhases = (
				B9319DB1432A50BC89C3D1E5 /* [CP] Check Pods Manifest.lock */,
				F0ABD5A0210A57BF0070C8A1 /* Sources */,
				F0ABD5A1210A57BF0070C8A1 /* Frameworks */,
				F0ABD5A2210A57BF0070C8A1 /* Resources */,
				A6C8FE03FBD266DFC69F84AC /* [CP] Embed Pods Frameworks */,
			);
			buildRules = (
			);
			dependencies = (
			);
			name = SQSSwift;
			productName = SQSSwift;
			productReference = F0ABD5A4210A57BF0070C8A1 /* SQSSwift.app */;
			productType = "com.apple.product-type.application";
		};
/* End PBXNativeTarget section */

/* Begin PBXProject section */
		F0ABD59C210A57BF0070C8A1 /* Project object */ = {
			isa = PBXProject;
			attributes = {
				LastSwiftUpdateCheck = 0940;
				LastUpgradeCheck = 0940;
				ORGANIZATIONNAME = "Hills, Dennis";
				TargetAttributes = {
					F0ABD5A3210A57BF0070C8A1 = {
						CreatedOnToolsVersion = 9.4.1;
						LastSwiftMigration = 1010;
						SystemCapabilities = {
							com.apple.Push = {
								enabled = 1;
							};
						};
					};
				};
			};
			buildConfigurationList = F0ABD59F210A57BF0070C8A1 /* Build configuration list for PBXProject "SQSSwift" */;
			compatibilityVersion = "Xcode 9.3";
			developmentRegion = en;
			hasScannedForEncodings = 0;
			knownRegions = (
				en,
				Base,
			);
			mainGroup = F0ABD59B210A57BF0070C8A1;
			productRefGroup = F0ABD5A5210A57BF0070C8A1 /* Products */;
			projectDirPath = "";
			projectRoot = "";
			targets = (
				F0ABD5A3210A57BF0070C8A1 /* SQSSwift */,
			);
		};
/* End PBXProject section */

/* Begin PBXResourcesBuildPhase section */
		F0ABD5A2210A57BF0070C8A1 /* Resources */ = {
			isa = PBXResourcesBuildPhase;
			buildActionMask = 2147483647;
			files = (
				F0A1E25E21E9CA3600A632BE /* awsconfiguration.json in Resources */,
				F0ABD5B2210A57C10070C8A1 /* LaunchScreen.storyboard in Resources */,
				F0ABD5AF210A57C10070C8A1 /* Assets.xcassets in Resources */,
				F0ABD5AD210A57BF0070C8A1 /* Main.storyboard in Resources */,
			);
			runOnlyForDeploymentPostprocessing = 0;
		};
/* End PBXResourcesBuildPhase section */

/* Begin PBXShellScriptBuildPhase section */
		A6C8FE03FBD266DFC69F84AC /* [CP] Embed Pods Frameworks */ = {
			isa = PBXShellScriptBuildPhase;
			buildActionMask = 2147483647;
			files = (
			);
			inputPaths = (
				"${SRCROOT}/Pods/Target Support Files/Pods-SQSSwift/Pods-SQSSwift-frameworks.sh",
				"${BUILT_PRODUCTS_DIR}/AWSAuthCore/AWSAuthCore.framework",
				"${BUILT_PRODUCTS_DIR}/AWSCognitoIdentityProvider/AWSCognitoIdentityProvider.framework",
				"${BUILT_PRODUCTS_DIR}/AWSCognitoIdentityProviderASF/AWSCognitoIdentityProviderASF.framework",
				"${BUILT_PRODUCTS_DIR}/AWSCore/AWSCore.framework",
				"${BUILT_PRODUCTS_DIR}/AWSMobileClient/AWSMobileClient.framework",
				"${BUILT_PRODUCTS_DIR}/AWSSQS/AWSSQS.framework",
			);
			name = "[CP] Embed Pods Frameworks";
			outputPaths = (
				"${TARGET_BUILD_DIR}/${FRAMEWORKS_FOLDER_PATH}/AWSAuthCore.framework",
				"${TARGET_BUILD_DIR}/${FRAMEWORKS_FOLDER_PATH}/AWSCognitoIdentityProvider.framework",
				"${TARGET_BUILD_DIR}/${FRAMEWORKS_FOLDER_PATH}/AWSCognitoIdentityProviderASF.framework",
				"${TARGET_BUILD_DIR}/${FRAMEWORKS_FOLDER_PATH}/AWSCore.framework",
				"${TARGET_BUILD_DIR}/${FRAMEWORKS_FOLDER_PATH}/AWSMobileClient.framework",
				"${TARGET_BUILD_DIR}/${FRAMEWORKS_FOLDER_PATH}/AWSSQS.framework",
			);
			runOnlyForDeploymentPostprocessing = 0;
			shellPath = /bin/sh;
			shellScript = "\"${SRCROOT}/Pods/Target Support Files/Pods-SQSSwift/Pods-SQSSwift-frameworks.sh\"\n";
			showEnvVarsInLog = 0;
		};
		B9319DB1432A50BC89C3D1E5 /* [CP] Check Pods Manifest.lock */ = {
			isa = PBXShellScriptBuildPhase;
			buildActionMask = 2147483647;
			files = (
			);
			inputPaths = (
				"${PODS_PODFILE_DIR_PATH}/Podfile.lock",
				"${PODS_ROOT}/Manifest.lock",
			);
			name = "[CP] Check Pods Manifest.lock";
			outputPaths = (
				"$(DERIVED_FILE_DIR)/Pods-SQSSwift-checkManifestLockResult.txt",
			);
			runOnlyForDeploymentPostprocessing = 0;
			shellPath = /bin/sh;
			shellScript = "diff \"${PODS_PODFILE_DIR_PATH}/Podfile.lock\" \"${PODS_ROOT}/Manifest.lock\" > /dev/null\nif [ $? != 0 ] ; then\n    # print error to STDERR\n    echo \"error: The sandbox is not in sync with the Podfile.lock. Run 'pod install' or update your CocoaPods installation.\" >&2\n    exit 1\nfi\n# This output is used by Xcode 'outputs' to avoid re-running this script phase.\necho \"SUCCESS\" > \"${SCRIPT_OUTPUT_FILE_0}\"\n";
			showEnvVarsInLog = 0;
		};
/* End PBXShellScriptBuildPhase section */

/* Begin PBXSourcesBuildPhase section */
		F0ABD5A0210A57BF0070C8A1 /* Sources */ = {
			isa = PBXSourcesBuildPhase;
			buildActionMask = 2147483647;
			files = (
				F0F42FE6210AEFBC001A0CB2 /* SQS.swift in Sources */,
				F0ABD5AA210A57BF0070C8A1 /* ViewController.swift in Sources */,
				F0ABD5A8210A57BF0070C8A1 /* AppDelegate.swift in Sources */,
			);
			runOnlyForDeploymentPostprocessing = 0;
		};
/* End PBXSourcesBuildPhase section */

/* Begin PBXVariantGroup section */
		F0ABD5AB210A57BF0070C8A1 /* Main.storyboard */ = {
			isa = PBXVariantGroup;
			children = (
				F0ABD5AC210A57BF0070C8A1 /* Base */,
			);
			name = Main.storyboard;
			sourceTree = "<group>";
		};
		F0ABD5B0210A57C10070C8A1 /* LaunchScreen.storyboard */ = {
			isa = PBXVariantGroup;
			children = (
				F0ABD5B1210A57C10070C8A1 /* Base */,
			);
			name = LaunchScreen.storyboard;
			sourceTree = "<group>";
		};
/* End PBXVariantGroup section */

/* Begin XCBuildConfiguration section */
		F0ABD5B4210A57C10070C8A1 /* Debug */ = {
			isa = XCBuildConfiguration;
			buildSettings = {
				ALWAYS_SEARCH_USER_PATHS = NO;
				CLANG_ANALYZER_NONNULL = YES;
				CLANG_ANALYZER_NUMBER_OBJECT_CONVERSION = YES_AGGRESSIVE;
				CLANG_CXX_LANGUAGE_STANDARD = "gnu++14";
				CLANG_CXX_LIBRARY = "libc++";
				CLANG_ENABLE_MODULES = YES;
				CLANG_ENABLE_OBJC_ARC = YES;
				CLANG_ENABLE_OBJC_WEAK = YES;
				CLANG_WARN_BLOCK_CAPTURE_AUTORELEASING = YES;
				CLANG_WARN_BOOL_CONVERSION = YES;
				CLANG_WARN_COMMA = YES;
				CLANG_WARN_CONSTANT_CONVERSION = YES;
				CLANG_WARN_DEPRECATED_OBJC_IMPLEMENTATIONS = YES;
				CLANG_WARN_DIRECT_OBJC_ISA_USAGE = YES_ERROR;
				CLANG_WARN_DOCUMENTATION_COMMENTS = YES;
				CLANG_WARN_EMPTY_BODY = YES;
				CLANG_WARN_ENUM_CONVERSION = YES;
				CLANG_WARN_INFINITE_RECURSION = YES;
				CLANG_WARN_INT_CONVERSION = YES;
				CLANG_WARN_NON_LITERAL_NULL_CONVERSION = YES;
				CLANG_WARN_OBJC_IMPLICIT_RETAIN_SELF = YES;
				CLANG_WARN_OBJC_LITERAL_CONVERSION = YES;
				CLANG_WARN_OBJC_ROOT_CLASS = YES_ERROR;
				CLANG_WARN_RANGE_LOOP_ANALYSIS = YES;
				CLANG_WARN_STRICT_PROTOTYPES = YES;
				CLANG_WARN_SUSPICIOUS_MOVE = YES;
				CLANG_WARN_UNGUARDED_AVAILABILITY = YES_AGGRESSIVE;
				CLANG_WARN_UNREACHABLE_CODE = YES;
				CLANG_WARN__DUPLICATE_METHOD_MATCH = YES;
				CODE_SIGN_IDENTITY = "iPhone Developer";
				COPY_PHASE_STRIP = NO;
				DEBUG_INFORMATION_FORMAT = dwarf;
				ENABLE_STRICT_OBJC_MSGSEND = YES;
				ENABLE_TESTABILITY = YES;
				GCC_C_LANGUAGE_STANDARD = gnu11;
				GCC_DYNAMIC_NO_PIC = NO;
				GCC_NO_COMMON_BLOCKS = YES;
				GCC_OPTIMIZATION_LEVEL = 0;
				GCC_PREPROCESSOR_DEFINITIONS = (
					"DEBUG=1",
					"$(inherited)",
				);
				GCC_WARN_64_TO_32_BIT_CONVERSION = YES;
				GCC_WARN_ABOUT_RETURN_TYPE = YES_ERROR;
				GCC_WARN_UNDECLARED_SELECTOR = YES;
				GCC_WARN_UNINITIALIZED_AUTOS = YES_AGGRESSIVE;
				GCC_WARN_UNUSED_FUNCTION = YES;
				GCC_WARN_UNUSED_VARIABLE = YES;
				IPHONEOS_DEPLOYMENT_TARGET = 11.4;
				MTL_ENABLE_DEBUG_INFO = YES;
				ONLY_ACTIVE_ARCH = YES;
				SDKROOT = iphoneos;
				SWIFT_ACTIVE_COMPILATION_CONDITIONS = DEBUG;
				SWIFT_OPTIMIZATION_LEVEL = "-Onone";
			};
			name = Debug;
		};
		F0ABD5B5210A57C10070C8A1 /* Release */ = {
			isa = XCBuildConfiguration;
			buildSettings = {
				ALWAYS_SEARCH_USER_PATHS = NO;
				CLANG_ANALYZER_NONNULL = YES;
				CLANG_ANALYZER_NUMBER_OBJECT_CONVERSION = YES_AGGRESSIVE;
				CLANG_CXX_LANGUAGE_STANDARD = "gnu++14";
				CLANG_CXX_LIBRARY = "libc++";
				CLANG_ENABLE_MODULES = YES;
				CLANG_ENABLE_OBJC_ARC = YES;
				CLANG_ENABLE_OBJC_WEAK = YES;
				CLANG_WARN_BLOCK_CAPTURE_AUTORELEASING = YES;
				CLANG_WARN_BOOL_CONVERSION = YES;
				CLANG_WARN_COMMA = YES;
				CLANG_WARN_CONSTANT_CONVERSION = YES;
				CLANG_WARN_DEPRECATED_OBJC_IMPLEMENTATIONS = YES;
				CLANG_WARN_DIRECT_OBJC_ISA_USAGE = YES_ERROR;
				CLANG_WARN_DOCUMENTATION_COMMENTS = YES;
				CLANG_WARN_EMPTY_BODY = YES;
				CLANG_WARN_ENUM_CONVERSION = YES;
				CLANG_WARN_INFINITE_RECURSION = YES;
				CLANG_WARN_INT_CONVERSION = YES;
				CLANG_WARN_NON_LITERAL_NULL_CONVERSION = YES;
				CLANG_WARN_OBJC_IMPLICIT_RETAIN_SELF = YES;
				CLANG_WARN_OBJC_LITERAL_CONVERSION = YES;
				CLANG_WARN_OBJC_ROOT_CLASS = YES_ERROR;
				CLANG_WARN_RANGE_LOOP_ANALYSIS = YES;
				CLANG_WARN_STRICT_PROTOTYPES = YES;
				CLANG_WARN_SUSPICIOUS_MOVE = YES;
				CLANG_WARN_UNGUARDED_AVAILABILITY = YES_AGGRESSIVE;
				CLANG_WARN_UNREACHABLE_CODE = YES;
				CLANG_WARN__DUPLICATE_METHOD_MATCH = YES;
				CODE_SIGN_IDENTITY = "iPhone Developer";
				COPY_PHASE_STRIP = NO;
				DEBUG_INFORMATION_FORMAT = "dwarf-with-dsym";
				ENABLE_NS_ASSERTIONS = NO;
				ENABLE_STRICT_OBJC_MSGSEND = YES;
				GCC_C_LANGUAGE_STANDARD = gnu11;
				GCC_NO_COMMON_BLOCKS = YES;
				GCC_WARN_64_TO_32_BIT_CONVERSION = YES;
				GCC_WARN_ABOUT_RETURN_TYPE = YES_ERROR;
				GCC_WARN_UNDECLARED_SELECTOR = YES;
				GCC_WARN_UNINITIALIZED_AUTOS = YES_AGGRESSIVE;
				GCC_WARN_UNUSED_FUNCTION = YES;
				GCC_WARN_UNUSED_VARIABLE = YES;
				IPHONEOS_DEPLOYMENT_TARGET = 11.4;
				MTL_ENABLE_DEBUG_INFO = NO;
				SDKROOT = iphoneos;
				SWIFT_COMPILATION_MODE = wholemodule;
				SWIFT_OPTIMIZATION_LEVEL = "-O";
				VALIDATE_PRODUCT = YES;
			};
			name = Release;
		};
		F0ABD5B7210A57C10070C8A1 /* Debug */ = {
			isa = XCBuildConfiguration;
			baseConfigurationReference = 189E38B7A152B02AC545470B /* Pods-SQSSwift.debug.xcconfig */;
			buildSettings = {
				ASSETCATALOG_COMPILER_APPICON_NAME = AppIcon;
				CODE_SIGN_ENTITLEMENTS = SQSSwift/SQSSwift.entitlements;
				CODE_SIGN_STYLE = Automatic;
				DEVELOPMENT_TEAM = GR5DHCQV9E;
				INFOPLIST_FILE = SQSSwift/Info.plist;
				LD_RUNPATH_SEARCH_PATHS = (
					"$(inherited)",
					"@executable_path/Frameworks",
				);
				PRODUCT_BUNDLE_IDENTIFIER = me.awsmobile.SQSSwift;
				PRODUCT_NAME = "$(TARGET_NAME)";
				SWIFT_VERSION = 4.2;
				TARGETED_DEVICE_FAMILY = "1,2";
			};
			name = Debug;
		};
		F0ABD5B8210A57C10070C8A1 /* Release */ = {
			isa = XCBuildConfiguration;
			baseConfigurationReference = 39F9BF2BADDFA908765AD8D9 /* Pods-SQSSwift.release.xcconfig */;
			buildSettings = {
				ASSETCATALOG_COMPILER_APPICON_NAME = AppIcon;
				CODE_SIGN_ENTITLEMENTS = SQSSwift/SQSSwift.entitlements;
				CODE_SIGN_STYLE = Automatic;
				DEVELOPMENT_TEAM = GR5DHCQV9E;
				INFOPLIST_FILE = SQSSwift/Info.plist;
				LD_RUNPATH_SEARCH_PATHS = (
					"$(inherited)",
					"@executable_path/Frameworks",
				);
				PRODUCT_BUNDLE_IDENTIFIER = me.awsmobile.SQSSwift;
				PRODUCT_NAME = "$(TARGET_NAME)";
				SWIFT_VERSION = 4.2;
				TARGETED_DEVICE_FAMILY = "1,2";
			};
			name = Release;
		};
/* End XCBuildConfiguration section */

/* Begin XCConfigurationList section */
		F0ABD59F210A57BF0070C8A1 /* Build configuration list for PBXProject "SQSSwift" */ = {
			isa = XCConfigurationList;
			buildConfigurations = (
				F0ABD5B4210A57C10070C8A1 /* Debug */,
				F0ABD5B5210A57C10070C8A1 /* Release */,
			);
			defaultConfigurationIsVisible = 0;
			defaultConfigurationName = Release;
		};
		F0ABD5B6210A57C10070C8A1 /* Build configuration list for PBXNativeTarget "SQSSwift" */ = {
			isa = XCConfigurationList;
			buildConfigurations = (
				F0ABD5B7210A57C10070C8A1 /* Debug */,
				F0ABD5B8210A57C10070C8A1 /* Release */,
			);
			defaultConfigurationIsVisible = 0;
			defaultConfigurationName = Release;
		};
/* End XCConfigurationList section */
	};
	rootObject = F0ABD59C210A57BF0070C8A1 /* Project object */;
}
